
Microsoft Visual Studio Solution File, Format Version 12.00
# Visual Studio Version 17
VisualStudioVersion = 17.14.36518.9
MinimumVisualStudioVersion = 10.0.40219.1
Project("{FAE04EC0-301F-11D3-BF4B-00C04F79EFBC}") = "VinfastWeb", "VinfastWeb.csproj", "{B9696ECC-22D8-47CB-9E59-2BEDD68668A7}"
EndProject
Global
	GlobalSection(SolutionConfigurationPlatforms) = preSolution
		Debug|Any CPU = Debug|Any CPU
		Release|Any CPU = Release|Any CPU
	EndGlobalSection
	GlobalSection(ProjectConfigurationPlatforms) = postSolution
		{B9696ECC-22D8-47CB-9E59-2BEDD68668A7}.Debug|Any CPU.ActiveCfg = Debug|Any CPU
		{B9696ECC-22D8-47CB-9E59-2BEDD68668A7}.Debug|Any CPU.Build.0 = Debug|Any CPU
		{B9696ECC-22D8-47CB-9E59-2BEDD68668A7}.Release|Any CPU.ActiveCfg = Release|Any CPU
		{B9696ECC-22D8-47CB-9E59-2BEDD68668A7}.Release|Any CPU.Build.0 = Release|Any CPU
	EndGlobalSection
	GlobalSection(SolutionProperties) = preSolution
		HideSolutionNode = FALSE
	EndGlobalSection
	GlobalSection(ExtensibilityGlobals) = postSolution
		SolutionGuid = {A8C87958-3BA8-4C01-A494-0117F26F88EA}
	EndGlobalSection
EndGlobal
